
Microsoft Visual Studio Solution File, Format Version 12.00
# Visual Studio Version 16
VisualStudioVersion = 16.0.30413.136
MinimumVisualStudioVersion = 10.0.40219.1
Project("{2150E333-8FDC-42A3-9474-1A3956D46DE8}") = "Chapter01", "Chapter01", "{E3D44014-A21A-4B5A-BA68-657D3D58C285}"
EndProject
Project("{9A19103F-16F7-4668-BE54-9A1E7A4F7556}") = "ProvisionVirtualMachine", "Chapter01\ProvisionVirtualMachine\ProvisionVirtualMachine.csproj", "{1AC17F4E-64BB-4B97-BB7F-155E9B51594B}"
EndProject
Project("{9A19103F-16F7-4668-BE54-9A1E7A4F7556}") = "ImplementAzureFunctions", "Chapter01\ImplementAzureFunctions\ImplementAzureFunctions.csproj", "{8E5EACD0-E4C9-4228-AF4E-69ACA98BC5BE}"
EndProject
Project("{2150E333-8FDC-42A3-9474-1A3956D46DE8}") = "Chapter03", "Chapter03", "{C79C9FDD-73FB-4B2D-87DA-7D06D900BB5C}"
EndProject
Project("{FAE04EC0-301F-11D3-BF4B-00C04F79EFBC}") = "OAuth2Authentication", "Chapter03\OAuth2Authentication\OAuth2Authentication.csproj", "{EEFB6FC9-32A0-484D-BF75-BC1026C387AA}"
EndProject
Project("{9A19103F-16F7-4668-BE54-9A1E7A4F7556}") = "SharedAccessSignatures", "Chapter03\SharedAccessSignatures\SharedAccessSignatures.csproj", "{B6F21DE5-4E71-4AFA-8587-93174AB2229D}"
EndProject
Project("{9A19103F-16F7-4668-BE54-9A1E7A4F7556}") = "AppConfiguration", "Chapter03\AppConfiguration\AppConfiguration.csproj", "{BE2CC4DC-2536-4F49-BF1B-A4839D2DF5F6}"
EndProject
Project("{FAE04EC0-301F-11D3-BF4B-00C04F79EFBC}") = "KeyVaultAPI", "Chapter03\KeyVaultAPI\KeyVaultAPI.csproj", "{051ACE88-4186-407B-A33E-843DD7C55B95}"
EndProject
Project("{FAE04EC0-301F-11D3-BF4B-00C04F79EFBC}") = "SystemAssignedManagedIdentity", "Chapter03\SystemAssignedManagedIdentity\SystemAssignedManagedIdentity.csproj", "{B28CA3A0-A82E-4987-A47F-5A3597E6B81A}"
EndProject
Project("{2150E333-8FDC-42A3-9474-1A3956D46DE8}") = "Chapter04", "Chapter04", "{2E2EF5E9-D49C-4182-AC4F-8B52230A3510}"
EndProject
Project("{2150E333-8FDC-42A3-9474-1A3956D46DE8}") = "Chapter02", "Chapter02", "{99C2A2F2-CC42-4C00-974E-10A7950EC54B}"
EndProject
Project("{2150E333-8FDC-42A3-9474-1A3956D46DE8}") = "Chapter05", "Chapter05", "{CE0DC2E0-7444-4983-9FC0-00F7E9D313C7}"
EndProject
Project("{FAE04EC0-301F-11D3-BF4B-00C04F79EFBC}") = "AzureRedisCache", "Chapter04\AzureRedisCache\AzureRedisCache.csproj", "{57305B99-310F-4018-9E34-9D2087679E1F}"
EndProject
Project("{FAE04EC0-301F-11D3-BF4B-00C04F79EFBC}") = "ApplicationInsightsTelemetry", "Chapter04\ApplicationInsightsTelemetry\ApplicationInsightsTelemetry.csproj", "{E0D39EDE-ECCF-47FD-B1B3-E0B65419CB0E}"
EndProject
Project("{FAE04EC0-301F-11D3-BF4B-00C04F79EFBC}") = "LogicAppCustomConnector", "Chapter05\LogicAppCustomConnector\LogicAppCustomConnector.csproj", "{59D0260A-0DF6-41D1-B986-8E7512A9B0FC}"
EndProject
Project("{FAE04EC0-301F-11D3-BF4B-00C04F79EFBC}") = "PublishCustomToEventGrid", "Chapter05\PublishCustomToEventGrid\PublishCustomToEventGrid.csproj", "{5633C33E-B505-4D25-8448-752C1332FCEB}"
EndProject
Project("{FAE04EC0-301F-11D3-BF4B-00C04F79EFBC}") = "SubscriberToEventGridTopic", "Chapter05\SubscriberToEventGridTopic\SubscriberToEventGridTopic.csproj", "{D8710E55-7AC8-463E-BCF9-04E6CA903C26}"
EndProject
Project("{FAE04EC0-301F-11D3-BF4B-00C04F79EFBC}") = "SendingEventsToEventHub", "Chapter05\SendingEventsToEventHub\SendingEventsToEventHub.csproj", "{BEA516FD-22A4-4A08-A083-6389F56674E8}"
EndProject
Project("{FAE04EC0-301F-11D3-BF4B-00C04F79EFBC}") = "ReceivingEventsToEventHub", "Chapter05\ReceivingEventsToEventHub\ReceivingEventsToEventHub.csproj", "{B6F000F2-862D-44C2-9450-A8229954AE26}"
EndProject
Project("{FAE04EC0-301F-11D3-BF4B-00C04F79EFBC}") = "PublishMessagesToServiceBusTopic", "Chapter05\PublishMessagesToServiceBusTopic\PublishMessagesToServiceBusTopic.csproj", "{AACC83E6-82E2-4234-8F72-8A66322B07DA}"
EndProject
Project("{FAE04EC0-301F-11D3-BF4B-00C04F79EFBC}") = "SubscribeMessagesToServiceBusTopic", "Chapter05\SubscribeMessagesToServiceBusTopic\SubscribeMessagesToServiceBusTopic.csproj", "{0CA8AC87-5C70-4348-AB43-9556EE92B976}"
EndProject
Project("{FAE04EC0-301F-11D3-BF4B-00C04F79EFBC}") = "AddMessagesToQueueStorage", "Chapter05\AddMessagesToQueueStorage\AddMessagesToQueueStorage.csproj", "{D077049E-BB1A-40AB-AD21-899E727CE3CC}"
EndProject
Project("{9A19103F-16F7-4668-BE54-9A1E7A4F7556}") = "BlobStorage", "Chapter02\BlobStorage\BlobStorage.csproj", "{0AA87BE7-B493-45CC-87D3-1E51CD16C743}"
EndProject
Project("{9A19103F-16F7-4668-BE54-9A1E7A4F7556}") = "BlobStorageSDK", "Chapter02\BlobStorageSDK\BlobStorageSDK.csproj", "{44DF4F27-A1B9-476D-A6F0-46F9DAE84BA7}"
EndProject
Project("{9A19103F-16F7-4668-BE54-9A1E7A4F7556}") = "cosmosdb", "Chapter02\cosmosdb\cosmosdb.csproj", "{5E3BE7D4-9CCB-4671-9044-823A84378C1E}"
EndProject
Project("{9A19103F-16F7-4668-BE54-9A1E7A4F7556}") = "StorageTier", "Chapter02\StorageTier\StorageTier.csproj", "{4E298E06-BBD4-4B6A-8866-82BDE90F97F6}"
EndProject
Global
	GlobalSection(SolutionConfigurationPlatforms) = preSolution
		Debug|Any CPU = Debug|Any CPU
		Release|Any CPU = Release|Any CPU
	EndGlobalSection
	GlobalSection(ProjectConfigurationPlatforms) = postSolution
		{1AC17F4E-64BB-4B97-BB7F-155E9B51594B}.Debug|Any CPU.ActiveCfg = Debug|Any CPU
		{1AC17F4E-64BB-4B97-BB7F-155E9B51594B}.Debug|Any CPU.Build.0 = Debug|Any CPU
		{1AC17F4E-64BB-4B97-BB7F-155E9B51594B}.Release|Any CPU.ActiveCfg = Release|Any CPU
		{1AC17F4E-64BB-4B97-BB7F-155E9B51594B}.Release|Any CPU.Build.0 = Release|Any CPU
		{8E5EACD0-E4C9-4228-AF4E-69ACA98BC5BE}.Debug|Any CPU.ActiveCfg = Debug|Any CPU
		{8E5EACD0-E4C9-4228-AF4E-69ACA98BC5BE}.Debug|Any CPU.Build.0 = Debug|Any CPU
		{8E5EACD0-E4C9-4228-AF4E-69ACA98BC5BE}.Release|Any CPU.ActiveCfg = Release|Any CPU
		{8E5EACD0-E4C9-4228-AF4E-69ACA98BC5BE}.Release|Any CPU.Build.0 = Release|Any CPU
		{EEFB6FC9-32A0-484D-BF75-BC1026C387AA}.Debug|Any CPU.ActiveCfg = Debug|Any CPU
		{EEFB6FC9-32A0-484D-BF75-BC1026C387AA}.Debug|Any CPU.Build.0 = Debug|Any CPU
		{EEFB6FC9-32A0-484D-BF75-BC1026C387AA}.Release|Any CPU.ActiveCfg = Release|Any CPU
		{EEFB6FC9-32A0-484D-BF75-BC1026C387AA}.Release|Any CPU.Build.0 = Release|Any CPU
		{B6F21DE5-4E71-4AFA-8587-93174AB2229D}.Debug|Any CPU.ActiveCfg = Debug|Any CPU
		{B6F21DE5-4E71-4AFA-8587-93174AB2229D}.Debug|Any CPU.Build.0 = Debug|Any CPU
		{B6F21DE5-4E71-4AFA-8587-93174AB2229D}.Release|Any CPU.ActiveCfg = Release|Any CPU
		{B6F21DE5-4E71-4AFA-8587-93174AB2229D}.Release|Any CPU.Build.0 = Release|Any CPU
		{BE2CC4DC-2536-4F49-BF1B-A4839D2DF5F6}.Debug|Any CPU.ActiveCfg = Debug|Any CPU
		{BE2CC4DC-2536-4F49-BF1B-A4839D2DF5F6}.Debug|Any CPU.Build.0 = Debug|Any CPU
		{BE2CC4DC-2536-4F49-BF1B-A4839D2DF5F6}.Release|Any CPU.ActiveCfg = Release|Any CPU
		{BE2CC4DC-2536-4F49-BF1B-A4839D2DF5F6}.Release|Any CPU.Build.0 = Release|Any CPU
		{051ACE88-4186-407B-A33E-843DD7C55B95}.Debug|Any CPU.ActiveCfg = Debug|Any CPU
		{051ACE88-4186-407B-A33E-843DD7C55B95}.Debug|Any CPU.Build.0 = Debug|Any CPU
		{051ACE88-4186-407B-A33E-843DD7C55B95}.Release|Any CPU.ActiveCfg = Release|Any CPU
		{051ACE88-4186-407B-A33E-843DD7C55B95}.Release|Any CPU.Build.0 = Release|Any CPU
		{B28CA3A0-A82E-4987-A47F-5A3597E6B81A}.Debug|Any CPU.ActiveCfg = Debug|Any CPU
		{B28CA3A0-A82E-4987-A47F-5A3597E6B81A}.Debug|Any CPU.Build.0 = Debug|Any CPU
		{B28CA3A0-A82E-4987-A47F-5A3597E6B81A}.Release|Any CPU.ActiveCfg = Release|Any CPU
		{B28CA3A0-A82E-4987-A47F-5A3597E6B81A}.Release|Any CPU.Build.0 = Release|Any CPU
		{57305B99-310F-4018-9E34-9D2087679E1F}.Debug|Any CPU.ActiveCfg = Debug|Any CPU
		{57305B99-310F-4018-9E34-9D2087679E1F}.Debug|Any CPU.Build.0 = Debug|Any CPU
		{57305B99-310F-4018-9E34-9D2087679E1F}.Release|Any CPU.ActiveCfg = Release|Any CPU
		{57305B99-310F-4018-9E34-9D2087679E1F}.Release|Any CPU.Build.0 = Release|Any CPU
		{E0D39EDE-ECCF-47FD-B1B3-E0B65419CB0E}.Debug|Any CPU.ActiveCfg = Debug|Any CPU
		{E0D39EDE-ECCF-47FD-B1B3-E0B65419CB0E}.Debug|Any CPU.Build.0 = Debug|Any CPU
		{E0D39EDE-ECCF-47FD-B1B3-E0B65419CB0E}.Release|Any CPU.ActiveCfg = Release|Any CPU
		{E0D39EDE-ECCF-47FD-B1B3-E0B65419CB0E}.Release|Any CPU.Build.0 = Release|Any CPU
		{59D0260A-0DF6-41D1-B986-8E7512A9B0FC}.Debug|Any CPU.ActiveCfg = Debug|Any CPU
		{59D0260A-0DF6-41D1-B986-8E7512A9B0FC}.Debug|Any CPU.Build.0 = Debug|Any CPU
		{59D0260A-0DF6-41D1-B986-8E7512A9B0FC}.Release|Any CPU.ActiveCfg = Release|Any CPU
		{59D0260A-0DF6-41D1-B986-8E7512A9B0FC}.Release|Any CPU.Build.0 = Release|Any CPU
		{5633C33E-B505-4D25-8448-752C1332FCEB}.Debug|Any CPU.ActiveCfg = Debug|Any CPU
		{5633C33E-B505-4D25-8448-752C1332FCEB}.Debug|Any CPU.Build.0 = Debug|Any CPU
		{5633C33E-B505-4D25-8448-752C1332FCEB}.Release|Any CPU.ActiveCfg = Release|Any CPU
		{5633C33E-B505-4D25-8448-752C1332FCEB}.Release|Any CPU.Build.0 = Release|Any CPU
		{D8710E55-7AC8-463E-BCF9-04E6CA903C26}.Debug|Any CPU.ActiveCfg = Debug|Any CPU
		{D8710E55-7AC8-463E-BCF9-04E6CA903C26}.Debug|Any CPU.Build.0 = Debug|Any CPU
		{D8710E55-7AC8-463E-BCF9-04E6CA903C26}.Release|Any CPU.ActiveCfg = Release|Any CPU
		{D8710E55-7AC8-463E-BCF9-04E6CA903C26}.Release|Any CPU.Build.0 = Release|Any CPU
		{BEA516FD-22A4-4A08-A083-6389F56674E8}.Debug|Any CPU.ActiveCfg = Debug|Any CPU
		{BEA516FD-22A4-4A08-A083-6389F56674E8}.Debug|Any CPU.Build.0 = Debug|Any CPU
		{BEA516FD-22A4-4A08-A083-6389F56674E8}.Release|Any CPU.ActiveCfg = Release|Any CPU
		{BEA516FD-22A4-4A08-A083-6389F56674E8}.Release|Any CPU.Build.0 = Release|Any CPU
		{B6F000F2-862D-44C2-9450-A8229954AE26}.Debug|Any CPU.ActiveCfg = Debug|Any CPU
		{B6F000F2-862D-44C2-9450-A8229954AE26}.Debug|Any CPU.Build.0 = Debug|Any CPU
		{B6F000F2-862D-44C2-9450-A8229954AE26}.Release|Any CPU.ActiveCfg = Release|Any CPU
		{B6F000F2-862D-44C2-9450-A8229954AE26}.Release|Any CPU.Build.0 = Release|Any CPU
		{AACC83E6-82E2-4234-8F72-8A66322B07DA}.Debug|Any CPU.ActiveCfg = Debug|Any CPU
		{AACC83E6-82E2-4234-8F72-8A66322B07DA}.Debug|Any CPU.Build.0 = Debug|Any CPU
		{AACC83E6-82E2-4234-8F72-8A66322B07DA}.Release|Any CPU.ActiveCfg = Release|Any CPU
		{AACC83E6-82E2-4234-8F72-8A66322B07DA}.Release|Any CPU.Build.0 = Release|Any CPU
		{0CA8AC87-5C70-4348-AB43-9556EE92B976}.Debug|Any CPU.ActiveCfg = Debug|Any CPU
		{0CA8AC87-5C70-4348-AB43-9556EE92B976}.Debug|Any CPU.Build.0 = Debug|Any CPU
		{0CA8AC87-5C70-4348-AB43-9556EE92B976}.Release|Any CPU.ActiveCfg = Release|Any CPU
		{0CA8AC87-5C70-4348-AB43-9556EE92B976}.Release|Any CPU.Build.0 = Release|Any CPU
		{D077049E-BB1A-40AB-AD21-899E727CE3CC}.Debug|Any CPU.ActiveCfg = Debug|Any CPU
		{D077049E-BB1A-40AB-AD21-899E727CE3CC}.Debug|Any CPU.Build.0 = Debug|Any CPU
		{D077049E-BB1A-40AB-AD21-899E727CE3CC}.Release|Any CPU.ActiveCfg = Release|Any CPU
		{D077049E-BB1A-40AB-AD21-899E727CE3CC}.Release|Any CPU.Build.0 = Release|Any CPU
		{0AA87BE7-B493-45CC-87D3-1E51CD16C743}.Debug|Any CPU.ActiveCfg = Debug|Any CPU
		{0AA87BE7-B493-45CC-87D3-1E51CD16C743}.Debug|Any CPU.Build.0 = Debug|Any CPU
		{0AA87BE7-B493-45CC-87D3-1E51CD16C743}.Release|Any CPU.ActiveCfg = Release|Any CPU
		{0AA87BE7-B493-45CC-87D3-1E51CD16C743}.Release|Any CPU.Build.0 = Release|Any CPU
		{44DF4F27-A1B9-476D-A6F0-46F9DAE84BA7}.Debug|Any CPU.ActiveCfg = Debug|Any CPU
		{44DF4F27-A1B9-476D-A6F0-46F9DAE84BA7}.Debug|Any CPU.Build.0 = Debug|Any CPU
		{44DF4F27-A1B9-476D-A6F0-46F9DAE84BA7}.Release|Any CPU.ActiveCfg = Release|Any CPU
		{44DF4F27-A1B9-476D-A6F0-46F9DAE84BA7}.Release|Any CPU.Build.0 = Release|Any CPU
		{5E3BE7D4-9CCB-4671-9044-823A84378C1E}.Debug|Any CPU.ActiveCfg = Debug|Any CPU
		{5E3BE7D4-9CCB-4671-9044-823A84378C1E}.Debug|Any CPU.Build.0 = Debug|Any CPU
		{5E3BE7D4-9CCB-4671-9044-823A84378C1E}.Release|Any CPU.ActiveCfg = Release|Any CPU
		{5E3BE7D4-9CCB-4671-9044-823A84378C1E}.Release|Any CPU.Build.0 = Release|Any CPU
		{4E298E06-BBD4-4B6A-8866-82BDE90F97F6}.Debug|Any CPU.ActiveCfg = Debug|Any CPU
		{4E298E06-BBD4-4B6A-8866-82BDE90F97F6}.Debug|Any CPU.Build.0 = Debug|Any CPU
		{4E298E06-BBD4-4B6A-8866-82BDE90F97F6}.Release|Any CPU.ActiveCfg = Release|Any CPU
		{4E298E06-BBD4-4B6A-8866-82BDE90F97F6}.Release|Any CPU.Build.0 = Release|Any CPU
	EndGlobalSection
	GlobalSection(SolutionProperties) = preSolution
		HideSolutionNode = FALSE
	EndGlobalSection
	GlobalSection(NestedProjects) = preSolution
		{1AC17F4E-64BB-4B97-BB7F-155E9B51594B} = {E3D44014-A21A-4B5A-BA68-657D3D58C285}
		{8E5EACD0-E4C9-4228-AF4E-69ACA98BC5BE} = {E3D44014-A21A-4B5A-BA68-657D3D58C285}
		{EEFB6FC9-32A0-484D-BF75-BC1026C387AA} = {C79C9FDD-73FB-4B2D-87DA-7D06D900BB5C}
		{B6F21DE5-4E71-4AFA-8587-93174AB2229D} = {C79C9FDD-73FB-4B2D-87DA-7D06D900BB5C}
		{BE2CC4DC-2536-4F49-BF1B-A4839D2DF5F6} = {C79C9FDD-73FB-4B2D-87DA-7D06D900BB5C}
		{051ACE88-4186-407B-A33E-843DD7C55B95} = {C79C9FDD-73FB-4B2D-87DA-7D06D900BB5C}
		{B28CA3A0-A82E-4987-A47F-5A3597E6B81A} = {C79C9FDD-73FB-4B2D-87DA-7D06D900BB5C}
		{57305B99-310F-4018-9E34-9D2087679E1F} = {2E2EF5E9-D49C-4182-AC4F-8B52230A3510}
		{E0D39EDE-ECCF-47FD-B1B3-E0B65419CB0E} = {2E2EF5E9-D49C-4182-AC4F-8B52230A3510}
		{59D0260A-0DF6-41D1-B986-8E7512A9B0FC} = {CE0DC2E0-7444-4983-9FC0-00F7E9D313C7}
		{5633C33E-B505-4D25-8448-752C1332FCEB} = {CE0DC2E0-7444-4983-9FC0-00F7E9D313C7}
		{D8710E55-7AC8-463E-BCF9-04E6CA903C26} = {CE0DC2E0-7444-4983-9FC0-00F7E9D313C7}
		{BEA516FD-22A4-4A08-A083-6389F56674E8} = {CE0DC2E0-7444-4983-9FC0-00F7E9D313C7}
		{B6F000F2-862D-44C2-9450-A8229954AE26} = {CE0DC2E0-7444-4983-9FC0-00F7E9D313C7}
		{AACC83E6-82E2-4234-8F72-8A66322B07DA} = {CE0DC2E0-7444-4983-9FC0-00F7E9D313C7}
		{0CA8AC87-5C70-4348-AB43-9556EE92B976} = {CE0DC2E0-7444-4983-9FC0-00F7E9D313C7}
		{D077049E-BB1A-40AB-AD21-899E727CE3CC} = {CE0DC2E0-7444-4983-9FC0-00F7E9D313C7}
		{0AA87BE7-B493-45CC-87D3-1E51CD16C743} = {99C2A2F2-CC42-4C00-974E-10A7950EC54B}
		{44DF4F27-A1B9-476D-A6F0-46F9DAE84BA7} = {99C2A2F2-CC42-4C00-974E-10A7950EC54B}
		{5E3BE7D4-9CCB-4671-9044-823A84378C1E} = {99C2A2F2-CC42-4C00-974E-10A7950EC54B}
		{4E298E06-BBD4-4B6A-8866-82BDE90F97F6} = {99C2A2F2-CC42-4C00-974E-10A7950EC54B}
	EndGlobalSection
	GlobalSection(ExtensibilityGlobals) = postSolution
		SolutionGuid = {68C9AEF6-C67F-4EEC-8D84-002D4D6CCA69}
	EndGlobalSection
EndGlobal
